
Microsoft Visual Studio Solution File, Format Version 12.00
# Visual Studio 2012
Project("{FAE04EC0-301F-11D3-BF4B-00C04F79EFBC}") = "SchoolJournal", "SchoolJournal\SchoolJournal.csproj", "{F973CD3F-8D29-4C5B-8788-A88D22D41D2A}"
EndProject
Project("{FAE04EC0-301F-11D3-BF4B-00C04F79EFBC}") = "Lab03", "Lab03\Lab03.csproj", "{C426F7DB-B748-471F-ABE1-BFB35F553C65}"
EndProject
Project("{FAE04EC0-301F-11D3-BF4B-00C04F79EFBC}") = "Factorial", "Factorial\Factorial.csproj", "{02A9123C-6F01-4AA9-9922-F8326F3274D9}"
EndProject
Project("{FAE04EC0-301F-11D3-BF4B-00C04F79EFBC}") = "Lab04", "Lab04\Lab04.csproj", "{EED88082-E5DA-441C-8C02-ADB2F7F3CDC8}"
EndProject
Global
	GlobalSection(SolutionConfigurationPlatforms) = preSolution
		Debug|Any CPU = Debug|Any CPU
		Release|Any CPU = Release|Any CPU
	EndGlobalSection
	GlobalSection(ProjectConfigurationPlatforms) = postSolution
		{F973CD3F-8D29-4C5B-8788-A88D22D41D2A}.Debug|Any CPU.ActiveCfg = Debug|Any CPU
		{F973CD3F-8D29-4C5B-8788-A88D22D41D2A}.Debug|Any CPU.Build.0 = Debug|Any CPU
		{F973CD3F-8D29-4C5B-8788-A88D22D41D2A}.Release|Any CPU.ActiveCfg = Release|Any CPU
		{F973CD3F-8D29-4C5B-8788-A88D22D41D2A}.Release|Any CPU.Build.0 = Release|Any CPU
		{C426F7DB-B748-471F-ABE1-BFB35F553C65}.Debug|Any CPU.ActiveCfg = Debug|Any CPU
		{C426F7DB-B748-471F-ABE1-BFB35F553C65}.Debug|Any CPU.Build.0 = Debug|Any CPU
		{C426F7DB-B748-471F-ABE1-BFB35F553C65}.Release|Any CPU.ActiveCfg = Release|Any CPU
		{C426F7DB-B748-471F-ABE1-BFB35F553C65}.Release|Any CPU.Build.0 = Release|Any CPU
		{02A9123C-6F01-4AA9-9922-F8326F3274D9}.Debug|Any CPU.ActiveCfg = Debug|Any CPU
		{02A9123C-6F01-4AA9-9922-F8326F3274D9}.Debug|Any CPU.Build.0 = Debug|Any CPU
		{02A9123C-6F01-4AA9-9922-F8326F3274D9}.Release|Any CPU.ActiveCfg = Release|Any CPU
		{02A9123C-6F01-4AA9-9922-F8326F3274D9}.Release|Any CPU.Build.0 = Release|Any CPU
		{EED88082-E5DA-441C-8C02-ADB2F7F3CDC8}.Debug|Any CPU.ActiveCfg = Debug|Any CPU
		{EED88082-E5DA-441C-8C02-ADB2F7F3CDC8}.Debug|Any CPU.Build.0 = Debug|Any CPU
		{EED88082-E5DA-441C-8C02-ADB2F7F3CDC8}.Release|Any CPU.ActiveCfg = Release|Any CPU
		{EED88082-E5DA-441C-8C02-ADB2F7F3CDC8}.Release|Any CPU.Build.0 = Release|Any CPU
	EndGlobalSection
EndGlobal
